{
  "name": "entriaChallenge",
  "version": "0.0.1",
  "lockfileVersion": 1,
  "requires": true,
  "dependencies": {
    "react-native-nav": {
      "version": "2.0.2",
      "resolved": "https://registry.npmjs.org/react-native-nav/-/react-native-nav-2.0.2.tgz",
      "integrity": "sha512-t5BOIMRU5vMzMOtuUUuYxd59ipwRe8v1H7NTk8Z0elvBf8hCwYSsnRFDIYk35k/ZbbKZcODmd74P4x1zLTsDyA=="
    }
  }
}
